
Microsoft Visual Studio Solution File, Format Version 12.00
# Visual Studio Version 16
VisualStudioVersion = 16.0.30621.155
MinimumVisualStudioVersion = 10.0.40219.1
Project("{FAE04EC0-301F-11D3-BF4B-00C04F79EFBC}") = "KeyVaults", "KeyVaults\KeyVaults.csproj", "{68A70DD9-AFB1-4BA4-B0A0-AF2FB0C24654}"
EndProject
Global
	GlobalSection(SolutionConfigurationPlatforms) = preSolution
		Debug|Any CPU = Debug|Any CPU
		Release|Any CPU = Release|Any CPU
	EndGlobalSection
	GlobalSection(ProjectConfigurationPlatforms) = postSolution
		{68A70DD9-AFB1-4BA4-B0A0-AF2FB0C24654}.Debug|Any CPU.ActiveCfg = Debug|Any CPU
		{68A70DD9-AFB1-4BA4-B0A0-AF2FB0C24654}.Debug|Any CPU.Build.0 = Debug|Any CPU
		{68A70DD9-AFB1-4BA4-B0A0-AF2FB0C24654}.Release|Any CPU.ActiveCfg = Release|Any CPU
		{68A70DD9-AFB1-4BA4-B0A0-AF2FB0C24654}.Release|Any CPU.Build.0 = Release|Any CPU
	EndGlobalSection
	GlobalSection(SolutionProperties) = preSolution
		HideSolutionNode = FALSE
	EndGlobalSection
	GlobalSection(ExtensibilityGlobals) = postSolution
		SolutionGuid = {CE997241-1EB0-4E51-935C-895689F221B1}
	EndGlobalSection
EndGlobal
