
Microsoft Visual Studio Solution File, Format Version 12.00
# Visual Studio Version 16
VisualStudioVersion = 16.0.30621.155
MinimumVisualStudioVersion = 10.0.40219.1
Project("{FAE04EC0-301F-11D3-BF4B-00C04F79EFBC}") = "CreateApplicant", "CreateApplicant\CreateApplicant.csproj", "{B255A7DC-9AF4-41D9-8505-AD085A14DCD0}"
EndProject
Global
	GlobalSection(SolutionConfigurationPlatforms) = preSolution
		Debug|Any CPU = Debug|Any CPU
		Release|Any CPU = Release|Any CPU
	EndGlobalSection
	GlobalSection(ProjectConfigurationPlatforms) = postSolution
		{B255A7DC-9AF4-41D9-8505-AD085A14DCD0}.Debug|Any CPU.ActiveCfg = Debug|Any CPU
		{B255A7DC-9AF4-41D9-8505-AD085A14DCD0}.Debug|Any CPU.Build.0 = Debug|Any CPU
		{B255A7DC-9AF4-41D9-8505-AD085A14DCD0}.Release|Any CPU.ActiveCfg = Release|Any CPU
		{B255A7DC-9AF4-41D9-8505-AD085A14DCD0}.Release|Any CPU.Build.0 = Release|Any CPU
	EndGlobalSection
	GlobalSection(SolutionProperties) = preSolution
		HideSolutionNode = FALSE
	EndGlobalSection
	GlobalSection(ExtensibilityGlobals) = postSolution
		SolutionGuid = {F4A529C1-48AD-4526-A065-8707DD9680E6}
	EndGlobalSection
EndGlobal
