
Microsoft Visual Studio Solution File, Format Version 12.00
# Visual Studio Version 16
VisualStudioVersion = 16.0.30621.155
MinimumVisualStudioVersion = 10.0.40219.1
Project("{FAE04EC0-301F-11D3-BF4B-00C04F79EFBC}") = "Authentications", "Authentications\Authentications.csproj", "{4AEBA4BF-88B8-4931-80C5-D5FB65906D65}"
EndProject
Global
	GlobalSection(SolutionConfigurationPlatforms) = preSolution
		Debug|Any CPU = Debug|Any CPU
		Release|Any CPU = Release|Any CPU
	EndGlobalSection
	GlobalSection(ProjectConfigurationPlatforms) = postSolution
		{4AEBA4BF-88B8-4931-80C5-D5FB65906D65}.Debug|Any CPU.ActiveCfg = Debug|Any CPU
		{4AEBA4BF-88B8-4931-80C5-D5FB65906D65}.Debug|Any CPU.Build.0 = Debug|Any CPU
		{4AEBA4BF-88B8-4931-80C5-D5FB65906D65}.Release|Any CPU.ActiveCfg = Release|Any CPU
		{4AEBA4BF-88B8-4931-80C5-D5FB65906D65}.Release|Any CPU.Build.0 = Release|Any CPU
	EndGlobalSection
	GlobalSection(SolutionProperties) = preSolution
		HideSolutionNode = FALSE
	EndGlobalSection
	GlobalSection(ExtensibilityGlobals) = postSolution
		SolutionGuid = {EFB76530-339F-4EB8-AF89-CFE56514FD3D}
	EndGlobalSection
EndGlobal
